
Microsoft Visual Studio Solution File, Format Version 12.00
# Visual Studio Version 16
VisualStudioVersion = 16.0.30011.22
MinimumVisualStudioVersion = 10.0.40219.1
Project("{9A19103F-16F7-4668-BE54-9A1E7A4F7556}") = "oneCore", "oneCore\oneCore.csproj", "{24C9EB51-6C5D-43B1-8B74-A560E1D3AA7F}"
EndProject
Project("{9A19103F-16F7-4668-BE54-9A1E7A4F7556}") = "HelpCalss", "HelpCalss\HelpCalss.csproj", "{5D8767BC-AC71-4A8B-BE87-55AF9CB99619}"
EndProject
Project("{FAE04EC0-301F-11D3-BF4B-00C04F79EFBC}") = "NewTool", "NewTool\NewTool.csproj", "{5938C878-837F-4C24-90F2-DC0BAE2AC7A4}"
EndProject
Global
	GlobalSection(SolutionConfigurationPlatforms) = preSolution
		Debug|Any CPU = Debug|Any CPU
		Release|Any CPU = Release|Any CPU
	EndGlobalSection
	GlobalSection(ProjectConfigurationPlatforms) = postSolution
		{24C9EB51-6C5D-43B1-8B74-A560E1D3AA7F}.Debug|Any CPU.ActiveCfg = Debug|Any CPU
		{24C9EB51-6C5D-43B1-8B74-A560E1D3AA7F}.Debug|Any CPU.Build.0 = Debug|Any CPU
		{24C9EB51-6C5D-43B1-8B74-A560E1D3AA7F}.Release|Any CPU.ActiveCfg = Release|Any CPU
		{24C9EB51-6C5D-43B1-8B74-A560E1D3AA7F}.Release|Any CPU.Build.0 = Release|Any CPU
		{5D8767BC-AC71-4A8B-BE87-55AF9CB99619}.Debug|Any CPU.ActiveCfg = Debug|Any CPU
		{5D8767BC-AC71-4A8B-BE87-55AF9CB99619}.Debug|Any CPU.Build.0 = Debug|Any CPU
		{5D8767BC-AC71-4A8B-BE87-55AF9CB99619}.Release|Any CPU.ActiveCfg = Release|Any CPU
		{5D8767BC-AC71-4A8B-BE87-55AF9CB99619}.Release|Any CPU.Build.0 = Release|Any CPU
		{5938C878-837F-4C24-90F2-DC0BAE2AC7A4}.Debug|Any CPU.ActiveCfg = Debug|Any CPU
		{5938C878-837F-4C24-90F2-DC0BAE2AC7A4}.Debug|Any CPU.Build.0 = Debug|Any CPU
		{5938C878-837F-4C24-90F2-DC0BAE2AC7A4}.Release|Any CPU.ActiveCfg = Release|Any CPU
		{5938C878-837F-4C24-90F2-DC0BAE2AC7A4}.Release|Any CPU.Build.0 = Release|Any CPU
	EndGlobalSection
	GlobalSection(SolutionProperties) = preSolution
		HideSolutionNode = FALSE
	EndGlobalSection
	GlobalSection(ExtensibilityGlobals) = postSolution
		SolutionGuid = {96829816-4676-4C5A-A3A8-50AF51EB4FFB}
	EndGlobalSection
EndGlobal
