
Microsoft Visual Studio Solution File, Format Version 12.00
# Visual Studio Version 16
VisualStudioVersion = 16.0.30011.22
MinimumVisualStudioVersion = 10.0.40219.1
Project("{FAE04EC0-301F-11D3-BF4B-00C04F79EFBC}") = "CoreK", "CoreK\CoreK.csproj", "{AD0662BE-E418-4B65-AD71-01FDD006DB6A}"
EndProject
Global
	GlobalSection(SolutionConfigurationPlatforms) = preSolution
		Debug|Any CPU = Debug|Any CPU
		Release|Any CPU = Release|Any CPU
	EndGlobalSection
	GlobalSection(ProjectConfigurationPlatforms) = postSolution
		{AD0662BE-E418-4B65-AD71-01FDD006DB6A}.Debug|Any CPU.ActiveCfg = Debug|Any CPU
		{AD0662BE-E418-4B65-AD71-01FDD006DB6A}.Debug|Any CPU.Build.0 = Debug|Any CPU
		{AD0662BE-E418-4B65-AD71-01FDD006DB6A}.Release|Any CPU.ActiveCfg = Release|Any CPU
		{AD0662BE-E418-4B65-AD71-01FDD006DB6A}.Release|Any CPU.Build.0 = Release|Any CPU
	EndGlobalSection
	GlobalSection(SolutionProperties) = preSolution
		HideSolutionNode = FALSE
	EndGlobalSection
	GlobalSection(ExtensibilityGlobals) = postSolution
		SolutionGuid = {192FE264-7EBC-4EAE-B261-4297135A2DD2}
	EndGlobalSection
EndGlobal
